
Microsoft Visual Studio Solution File, Format Version 12.00
# Visual Studio Version 17
VisualStudioVersion = 17.8.34316.72
MinimumVisualStudioVersion = 10.0.40219.1
Project("{8BC9CEB8-8B4A-11D0-8D11-00A0C91BC942}") = "Лаб_2", "Лаб_2\Лаб_2.vcxproj", "{5DC17490-2B22-4FFF-B733-0D4E769D88F3}"
EndProject
Global
	GlobalSection(SolutionConfigurationPlatforms) = preSolution
		Debug|x64 = Debug|x64
		Debug|x86 = Debug|x86
		Release|x64 = Release|x64
		Release|x86 = Release|x86
	EndGlobalSection
	GlobalSection(ProjectConfigurationPlatforms) = postSolution
		{5DC17490-2B22-4FFF-B733-0D4E769D88F3}.Debug|x64.ActiveCfg = Debug|x64
		{5DC17490-2B22-4FFF-B733-0D4E769D88F3}.Debug|x64.Build.0 = Debug|x64
		{5DC17490-2B22-4FFF-B733-0D4E769D88F3}.Debug|x86.ActiveCfg = Debug|Win32
		{5DC17490-2B22-4FFF-B733-0D4E769D88F3}.Debug|x86.Build.0 = Debug|Win32
		{5DC17490-2B22-4FFF-B733-0D4E769D88F3}.Release|x64.ActiveCfg = Release|x64
		{5DC17490-2B22-4FFF-B733-0D4E769D88F3}.Release|x64.Build.0 = Release|x64
		{5DC17490-2B22-4FFF-B733-0D4E769D88F3}.Release|x86.ActiveCfg = Release|Win32
		{5DC17490-2B22-4FFF-B733-0D4E769D88F3}.Release|x86.Build.0 = Release|Win32
	EndGlobalSection
	GlobalSection(SolutionProperties) = preSolution
		HideSolutionNode = FALSE
	EndGlobalSection
	GlobalSection(ExtensibilityGlobals) = postSolution
		SolutionGuid = {6720C4B2-CCCF-4A06-8B42-FFC9E822D2E0}
	EndGlobalSection
EndGlobal
